
Microsoft Visual Studio Solution File, Format Version 12.00
# Visual Studio 15
VisualStudioVersion = 15.0.26124.0
MinimumVisualStudioVersion = 15.0.26124.0
Project("{2150E333-8FDC-42A3-9474-1A3956D46DE8}") = "src", "src", "{C1726262-9986-43B9-86BE-F1FDAB7EF95F}"
EndProject
Project("{FAE04EC0-301F-11D3-BF4B-00C04F79EFBC}") = "PalTracker", "src\PalTracker\PalTracker.csproj", "{B23A226E-48F5-4DE7-A486-4B3A18ECB2B3}"
EndProject
Project("{2150E333-8FDC-42A3-9474-1A3956D46DE8}") = "test", "test", "{DEFC962D-BA54-4040-B50C-C74E97BCEB3B}"
EndProject
Project("{FAE04EC0-301F-11D3-BF4B-00C04F79EFBC}") = "PalTrackerTests", "test\PalTrackerTests\PalTrackerTests.csproj", "{961968BA-F285-4D29-8550-E5CCF3660825}"
EndProject
Global
	GlobalSection(SolutionConfigurationPlatforms) = preSolution
		Debug|Any CPU = Debug|Any CPU
		Debug|x64 = Debug|x64
		Debug|x86 = Debug|x86
		Release|Any CPU = Release|Any CPU
		Release|x64 = Release|x64
		Release|x86 = Release|x86
	EndGlobalSection
	GlobalSection(SolutionProperties) = preSolution
		HideSolutionNode = FALSE
	EndGlobalSection
	GlobalSection(ProjectConfigurationPlatforms) = postSolution
		{B23A226E-48F5-4DE7-A486-4B3A18ECB2B3}.Debug|Any CPU.ActiveCfg = Debug|Any CPU
		{B23A226E-48F5-4DE7-A486-4B3A18ECB2B3}.Debug|Any CPU.Build.0 = Debug|Any CPU
		{B23A226E-48F5-4DE7-A486-4B3A18ECB2B3}.Debug|x64.ActiveCfg = Debug|x64
		{B23A226E-48F5-4DE7-A486-4B3A18ECB2B3}.Debug|x64.Build.0 = Debug|x64
		{B23A226E-48F5-4DE7-A486-4B3A18ECB2B3}.Debug|x86.ActiveCfg = Debug|x86
		{B23A226E-48F5-4DE7-A486-4B3A18ECB2B3}.Debug|x86.Build.0 = Debug|x86
		{B23A226E-48F5-4DE7-A486-4B3A18ECB2B3}.Release|Any CPU.ActiveCfg = Release|Any CPU
		{B23A226E-48F5-4DE7-A486-4B3A18ECB2B3}.Release|Any CPU.Build.0 = Release|Any CPU
		{B23A226E-48F5-4DE7-A486-4B3A18ECB2B3}.Release|x64.ActiveCfg = Release|x64
		{B23A226E-48F5-4DE7-A486-4B3A18ECB2B3}.Release|x64.Build.0 = Release|x64
		{B23A226E-48F5-4DE7-A486-4B3A18ECB2B3}.Release|x86.ActiveCfg = Release|x86
		{B23A226E-48F5-4DE7-A486-4B3A18ECB2B3}.Release|x86.Build.0 = Release|x86
		{961968BA-F285-4D29-8550-E5CCF3660825}.Debug|Any CPU.ActiveCfg = Debug|Any CPU
		{961968BA-F285-4D29-8550-E5CCF3660825}.Debug|Any CPU.Build.0 = Debug|Any CPU
		{961968BA-F285-4D29-8550-E5CCF3660825}.Debug|x64.ActiveCfg = Debug|x64
		{961968BA-F285-4D29-8550-E5CCF3660825}.Debug|x64.Build.0 = Debug|x64
		{961968BA-F285-4D29-8550-E5CCF3660825}.Debug|x86.ActiveCfg = Debug|x86
		{961968BA-F285-4D29-8550-E5CCF3660825}.Debug|x86.Build.0 = Debug|x86
		{961968BA-F285-4D29-8550-E5CCF3660825}.Release|Any CPU.ActiveCfg = Release|Any CPU
		{961968BA-F285-4D29-8550-E5CCF3660825}.Release|Any CPU.Build.0 = Release|Any CPU
		{961968BA-F285-4D29-8550-E5CCF3660825}.Release|x64.ActiveCfg = Release|x64
		{961968BA-F285-4D29-8550-E5CCF3660825}.Release|x64.Build.0 = Release|x64
		{961968BA-F285-4D29-8550-E5CCF3660825}.Release|x86.ActiveCfg = Release|x86
		{961968BA-F285-4D29-8550-E5CCF3660825}.Release|x86.Build.0 = Release|x86
	EndGlobalSection
	GlobalSection(NestedProjects) = preSolution
		{B23A226E-48F5-4DE7-A486-4B3A18ECB2B3} = {C1726262-9986-43B9-86BE-F1FDAB7EF95F}
		{961968BA-F285-4D29-8550-E5CCF3660825} = {DEFC962D-BA54-4040-B50C-C74E97BCEB3B}
	EndGlobalSection
EndGlobal
